
Microsoft Visual Studio Solution File, Format Version 12.00
# Visual Studio 15
VisualStudioVersion = 15.0.28307.106
MinimumVisualStudioVersion = 10.0.40219.1
Project("{FAE04EC0-301F-11D3-BF4B-00C04F79EFBC}") = "BooksNewArchitectureAspNet", "BooksNewArchitectureAspNet\BooksNewArchitectureAspNet.csproj", "{7EE88439-B789-434C-BFAF-C6792AEEBC66}"
EndProject
Project("{9A19103F-16F7-4668-BE54-9A1E7A4F7556}") = "BooksAppCore(WebApiSwapperNewArchitecture)", "BooksAppCore\BooksAppCore(WebApiSwapperNewArchitecture).csproj", "{F6E74D6B-8880-4B99-ADA4-86DBD5C3A36D}"
EndProject
Project("{9A19103F-16F7-4668-BE54-9A1E7A4F7556}") = "BooksInfrastructure(WebApiSwapperNewArchitecture)", "BooksInfrastructure\BooksInfrastructure(WebApiSwapperNewArchitecture).csproj", "{8243EB70-5C33-4A17-864A-90CF0CB83695}"
EndProject
Global
	GlobalSection(SolutionConfigurationPlatforms) = preSolution
		Debug|Any CPU = Debug|Any CPU
		Release|Any CPU = Release|Any CPU
	EndGlobalSection
	GlobalSection(ProjectConfigurationPlatforms) = postSolution
		{7EE88439-B789-434C-BFAF-C6792AEEBC66}.Debug|Any CPU.ActiveCfg = Debug|Any CPU
		{7EE88439-B789-434C-BFAF-C6792AEEBC66}.Debug|Any CPU.Build.0 = Debug|Any CPU
		{7EE88439-B789-434C-BFAF-C6792AEEBC66}.Release|Any CPU.ActiveCfg = Release|Any CPU
		{7EE88439-B789-434C-BFAF-C6792AEEBC66}.Release|Any CPU.Build.0 = Release|Any CPU
		{F6E74D6B-8880-4B99-ADA4-86DBD5C3A36D}.Debug|Any CPU.ActiveCfg = Debug|Any CPU
		{F6E74D6B-8880-4B99-ADA4-86DBD5C3A36D}.Debug|Any CPU.Build.0 = Debug|Any CPU
		{F6E74D6B-8880-4B99-ADA4-86DBD5C3A36D}.Release|Any CPU.ActiveCfg = Release|Any CPU
		{F6E74D6B-8880-4B99-ADA4-86DBD5C3A36D}.Release|Any CPU.Build.0 = Release|Any CPU
		{8243EB70-5C33-4A17-864A-90CF0CB83695}.Debug|Any CPU.ActiveCfg = Debug|Any CPU
		{8243EB70-5C33-4A17-864A-90CF0CB83695}.Debug|Any CPU.Build.0 = Debug|Any CPU
		{8243EB70-5C33-4A17-864A-90CF0CB83695}.Release|Any CPU.ActiveCfg = Release|Any CPU
		{8243EB70-5C33-4A17-864A-90CF0CB83695}.Release|Any CPU.Build.0 = Release|Any CPU
	EndGlobalSection
	GlobalSection(SolutionProperties) = preSolution
		HideSolutionNode = FALSE
	EndGlobalSection
	GlobalSection(ExtensibilityGlobals) = postSolution
		SolutionGuid = {E132EB87-CD9B-4EF6-8855-53D6D9605981}
	EndGlobalSection
EndGlobal
